{
  "name": "import-wallet",
  "version": "1.0.0",
  "lockfileVersion": 3,
  "requires": true,
  "packages": {
    "": {
      "name": "import-wallet",
      "version": "1.0.0",
      "dependencies": {
        "@dfns/sdk": "file:../../../packages/sdk",
        "@dfns/sdk-keyimport-utils": "file:../../../packages/sdk-keyimport-utils",
        "@dfns/sdk-keysigner": "file:../../../packages/sdk-keysigner",
        "dotenv": "16.1.4"
      },
      "devDependencies": {}
    },
    "../../../packages/sdk": {
      "name": "@dfns/sdk",
      "version": "0.1.0-beta.8"
    },
    "../../../packages/sdk-keyimport-utils": {
      "name": "@dfns/sdk-keyimport-utils",
      "version": "0.1.0-beta.8"
    },
    "../../../packages/sdk-keysigner": {
      "name": "@dfns/sdk-keysigner",
      "version": "0.1.0-beta.8"
    },
    "node_modules/@dfns/sdk": {
      "resolved": "../../../packages/sdk",
      "link": true
    },
    "node_modules/@dfns/sdk-keyimport-utils": {
      "resolved": "../../../packages/sdk-keyimport-utils",
      "link": true
    },
    "node_modules/@dfns/sdk-keysigner": {
      "resolved": "../../../packages/sdk-keysigner",
      "link": true
    },
    "node_modules/dotenv": {
      "version": "16.1.4",
      "resolved": "https://registry.npmjs.org/dotenv/-/dotenv-16.1.4.tgz",
      "integrity": "sha512-m55RtE8AsPeJBpOIFKihEmqUcoVncQIwo7x9U8ZwLEZw9ZpXboz2c+rvog+jUaJvVrZ5kBOeYQBX5+8Aa/OZQw==",
      "engines": {
        "node": ">=12"
      },
      "funding": {
        "url": "https://github.com/motdotla/dotenv?sponsor=1"
      }
    }
  }
}
