{
  "name": "ton-basic-tx",
  "version": "1.0.0",
  "lockfileVersion": 3,
  "requires": true,
  "packages": {
    "": {
      "name": "ton-basic-tx",
      "version": "1.0.0",
      "dependencies": {
        "@dfns/lib-ton": "file:../../../packages/lib-ton",
        "@dfns/sdk": "file:../../../packages/sdk",
        "@dfns/sdk-keysigner": "file:../../../packages/sdk-keysigner",
        "@orbs-network/ton-access": "2.3.3",
        "@ton/ton": "15.1.0",
        "dotenv": "16.1.4"
      },
      "devDependencies": {
        "ts-node": "10.9.1"
      }
    },
    "../../../packages/lib-stellar": {
      "extraneous": true
    },
    "../../../packages/lib-ton": {},
    "../../../packages/sdk": {},
    "../../../packages/sdk-keysigner": {},
    "node_modules/@cspotcode/source-map-support": {
      "version": "0.8.1",
      "dev": true,
      "license": "MIT",
      "dependencies": {
        "@jridgewell/trace-mapping": "0.3.9"
      },
      "engines": {
        "node": ">=12"
      }
    },
    "node_modules/@dfns/lib-ton": {
      "resolved": "../../../packages/lib-ton",
      "link": true
    },
    "node_modules/@dfns/sdk": {
      "resolved": "../../../packages/sdk",
      "link": true
    },
    "node_modules/@dfns/sdk-keysigner": {
      "resolved": "../../../packages/sdk-keysigner",
      "link": true
    },
    "node_modules/@jridgewell/resolve-uri": {
      "version": "3.1.2",
      "dev": true,
      "license": "MIT",
      "engines": {
        "node": ">=6.0.0"
      }
    },
    "node_modules/@jridgewell/sourcemap-codec": {
      "version": "1.4.15",
      "dev": true,
      "license": "MIT"
    },
    "node_modules/@jridgewell/trace-mapping": {
      "version": "0.3.9",
      "dev": true,
      "license": "MIT",
      "dependencies": {
        "@jridgewell/resolve-uri": "^3.0.3",
        "@jridgewell/sourcemap-codec": "^1.4.10"
      }
    },
    "node_modules/@orbs-network/ton-access": {
      "version": "2.3.3",
      "resolved": "https://registry.npmjs.org/@orbs-network/ton-access/-/ton-access-2.3.3.tgz",
      "integrity": "sha512-b1miCPts7wBG9JKYgzXIRZQm/LMy5Uk1mNK8NzlcXHL3HRHJkkFbuYJGuj3IkWCiIicW3Ipp4sYnn3Fwo4oB0g==",
      "dependencies": {
        "isomorphic-fetch": "^3.0.0"
      }
    },
    "node_modules/@ton/core": {
      "version": "0.59.0",
      "resolved": "https://registry.npmjs.org/@ton/core/-/core-0.59.0.tgz",
      "integrity": "sha512-LSIkGst7BoY7fMWshejzcH0UJnoW21JGlRrW0ch+6A7Xb/7EuekxgdKym7fHxcry6OIf6FoeFg97lJ960N/Ghg==",
      "peer": true,
      "dependencies": {
        "symbol.inspect": "1.0.1"
      },
      "peerDependencies": {
        "@ton/crypto": ">=3.2.0"
      }
    },
    "node_modules/@ton/crypto": {
      "version": "3.3.0",
      "resolved": "https://registry.npmjs.org/@ton/crypto/-/crypto-3.3.0.tgz",
      "integrity": "sha512-/A6CYGgA/H36OZ9BbTaGerKtzWp50rg67ZCH2oIjV1NcrBaCK9Z343M+CxedvM7Haf3f/Ee9EhxyeTp0GKMUpA==",
      "peer": true,
      "dependencies": {
        "@ton/crypto-primitives": "2.1.0",
        "jssha": "3.2.0",
        "tweetnacl": "1.0.3"
      }
    },
    "node_modules/@ton/crypto-primitives": {
      "version": "2.1.0",
      "resolved": "https://registry.npmjs.org/@ton/crypto-primitives/-/crypto-primitives-2.1.0.tgz",
      "integrity": "sha512-PQesoyPgqyI6vzYtCXw4/ZzevePc4VGcJtFwf08v10OevVJHVfW238KBdpj1kEDQkxWLeuNHEpTECNFKnP6tow==",
      "peer": true,
      "dependencies": {
        "jssha": "3.2.0"
      }
    },
    "node_modules/@ton/ton": {
      "version": "15.1.0",
      "resolved": "https://registry.npmjs.org/@ton/ton/-/ton-15.1.0.tgz",
      "integrity": "sha512-almetcfTu7jLjcNcEEPB7wAc8yl90ES1M//sOr1QE+kv7RbmEvMkaPSc7kFxzs10qrjIPKxlodBJlMSWP5LuVQ==",
      "dependencies": {
        "axios": "^1.6.7",
        "dataloader": "^2.0.0",
        "symbol.inspect": "1.0.1",
        "teslabot": "^1.3.0",
        "zod": "^3.21.4"
      },
      "peerDependencies": {
        "@ton/core": ">=0.59.0",
        "@ton/crypto": ">=3.2.0"
      }
    },
    "node_modules/@tsconfig/node10": {
      "version": "1.0.9",
      "dev": true,
      "license": "MIT"
    },
    "node_modules/@tsconfig/node12": {
      "version": "1.0.11",
      "dev": true,
      "license": "MIT"
    },
    "node_modules/@tsconfig/node14": {
      "version": "1.0.3",
      "dev": true,
      "license": "MIT"
    },
    "node_modules/@tsconfig/node16": {
      "version": "1.0.4",
      "dev": true,
      "license": "MIT"
    },
    "node_modules/@types/node": {
      "version": "20.11.29",
      "dev": true,
      "license": "MIT",
      "peer": true,
      "dependencies": {
        "undici-types": "~5.26.4"
      }
    },
    "node_modules/acorn": {
      "version": "8.11.3",
      "dev": true,
      "license": "MIT",
      "bin": {
        "acorn": "bin/acorn"
      },
      "engines": {
        "node": ">=0.4.0"
      }
    },
    "node_modules/acorn-walk": {
      "version": "8.3.2",
      "dev": true,
      "license": "MIT",
      "engines": {
        "node": ">=0.4.0"
      }
    },
    "node_modules/arg": {
      "version": "4.1.3",
      "dev": true,
      "license": "MIT"
    },
    "node_modules/asynckit": {
      "version": "0.4.0",
      "resolved": "https://registry.npmjs.org/asynckit/-/asynckit-0.4.0.tgz",
      "integrity": "sha512-Oei9OH4tRh0YqU3GxhX79dM/mwVgvbZJaSNaRk+bshkj0S5cfHcgYakreBjrHwatXKbz+IoIdYLxrKim2MjW0Q=="
    },
    "node_modules/axios": {
      "version": "1.7.7",
      "resolved": "https://registry.npmjs.org/axios/-/axios-1.7.7.tgz",
      "integrity": "sha512-S4kL7XrjgBmvdGut0sN3yJxqYzrDOnivkBiN0OFs6hLiUam3UPvswUo0kqGyhqUZGEOytHyumEdXsAkgCOUf3Q==",
      "dependencies": {
        "follow-redirects": "^1.15.6",
        "form-data": "^4.0.0",
        "proxy-from-env": "^1.1.0"
      }
    },
    "node_modules/combined-stream": {
      "version": "1.0.8",
      "resolved": "https://registry.npmjs.org/combined-stream/-/combined-stream-1.0.8.tgz",
      "integrity": "sha512-FQN4MRfuJeHf7cBbBMJFXhKSDq+2kAArBlmRBvcvFE5BB1HZKXtSFASDhdlz9zOYwxh8lDdnvmMOe/+5cdoEdg==",
      "dependencies": {
        "delayed-stream": "~1.0.0"
      },
      "engines": {
        "node": ">= 0.8"
      }
    },
    "node_modules/create-require": {
      "version": "1.1.1",
      "dev": true,
      "license": "MIT"
    },
    "node_modules/dataloader": {
      "version": "2.2.2",
      "resolved": "https://registry.npmjs.org/dataloader/-/dataloader-2.2.2.tgz",
      "integrity": "sha512-8YnDaaf7N3k/q5HnTJVuzSyLETjoZjVmHc4AeKAzOvKHEFQKcn64OKBfzHYtE9zGjctNM7V9I0MfnUVLpi7M5g=="
    },
    "node_modules/delayed-stream": {
      "version": "1.0.0",
      "resolved": "https://registry.npmjs.org/delayed-stream/-/delayed-stream-1.0.0.tgz",
      "integrity": "sha512-ZySD7Nf91aLB0RxL4KGrKHBXl7Eds1DAmEdcoVawXnLD7SDhpNgtuII2aAkg7a7QS41jxPSZ17p4VdGnMHk3MQ==",
      "engines": {
        "node": ">=0.4.0"
      }
    },
    "node_modules/diff": {
      "version": "4.0.2",
      "dev": true,
      "license": "BSD-3-Clause",
      "engines": {
        "node": ">=0.3.1"
      }
    },
    "node_modules/dotenv": {
      "version": "16.1.4",
      "license": "BSD-2-Clause",
      "engines": {
        "node": ">=12"
      },
      "funding": {
        "url": "https://github.com/motdotla/dotenv?sponsor=1"
      }
    },
    "node_modules/follow-redirects": {
      "version": "1.15.9",
      "resolved": "https://registry.npmjs.org/follow-redirects/-/follow-redirects-1.15.9.tgz",
      "integrity": "sha512-gew4GsXizNgdoRyqmyfMHyAmXsZDk6mHkSxZFCzW9gwlbtOW44CDtYavM+y+72qD/Vq2l550kMF52DT8fOLJqQ==",
      "funding": [
        {
          "type": "individual",
          "url": "https://github.com/sponsors/RubenVerborgh"
        }
      ],
      "engines": {
        "node": ">=4.0"
      },
      "peerDependenciesMeta": {
        "debug": {
          "optional": true
        }
      }
    },
    "node_modules/form-data": {
      "version": "4.0.1",
      "resolved": "https://registry.npmjs.org/form-data/-/form-data-4.0.1.tgz",
      "integrity": "sha512-tzN8e4TX8+kkxGPK8D5u0FNmjPUjw3lwC9lSLxxoB/+GtsJG91CO8bSWy73APlgAZzZbXEYZJuxjkHH2w+Ezhw==",
      "dependencies": {
        "asynckit": "^0.4.0",
        "combined-stream": "^1.0.8",
        "mime-types": "^2.1.12"
      },
      "engines": {
        "node": ">= 6"
      }
    },
    "node_modules/isomorphic-fetch": {
      "version": "3.0.0",
      "resolved": "https://registry.npmjs.org/isomorphic-fetch/-/isomorphic-fetch-3.0.0.tgz",
      "integrity": "sha512-qvUtwJ3j6qwsF3jLxkZ72qCgjMysPzDfeV240JHiGZsANBYd+EEuu35v7dfrJ9Up0Ak07D7GGSkGhCHTqg/5wA==",
      "dependencies": {
        "node-fetch": "^2.6.1",
        "whatwg-fetch": "^3.4.1"
      }
    },
    "node_modules/jssha": {
      "version": "3.2.0",
      "resolved": "https://registry.npmjs.org/jssha/-/jssha-3.2.0.tgz",
      "integrity": "sha512-QuruyBENDWdN4tZwJbQq7/eAK85FqrI4oDbXjy5IBhYD+2pTJyBUWZe8ctWaCkrV0gy6AaelgOZZBMeswEa/6Q==",
      "peer": true,
      "engines": {
        "node": "*"
      }
    },
    "node_modules/make-error": {
      "version": "1.3.6",
      "dev": true,
      "license": "ISC"
    },
    "node_modules/mime-db": {
      "version": "1.52.0",
      "resolved": "https://registry.npmjs.org/mime-db/-/mime-db-1.52.0.tgz",
      "integrity": "sha512-sPU4uV7dYlvtWJxwwxHD0PuihVNiE7TyAbQ5SWxDCB9mUYvOgroQOwYQQOKPJ8CIbE+1ETVlOoK1UC2nU3gYvg==",
      "engines": {
        "node": ">= 0.6"
      }
    },
    "node_modules/mime-types": {
      "version": "2.1.35",
      "resolved": "https://registry.npmjs.org/mime-types/-/mime-types-2.1.35.tgz",
      "integrity": "sha512-ZDY+bPm5zTTF+YpCrAU9nK0UgICYPT0QtT1NZWFv4s++TNkcgVaT0g6+4R2uI4MjQjzysHB1zxuWL50hzaeXiw==",
      "dependencies": {
        "mime-db": "1.52.0"
      },
      "engines": {
        "node": ">= 0.6"
      }
    },
    "node_modules/node-fetch": {
      "version": "2.7.0",
      "resolved": "https://registry.npmjs.org/node-fetch/-/node-fetch-2.7.0.tgz",
      "integrity": "sha512-c4FRfUm/dbcWZ7U+1Wq0AwCyFL+3nt2bEw05wfxSz+DWpWsitgmSgYmy2dQdWyKC1694ELPqMs/YzUSNozLt8A==",
      "dependencies": {
        "whatwg-url": "^5.0.0"
      },
      "engines": {
        "node": "4.x || >=6.0.0"
      },
      "peerDependencies": {
        "encoding": "^0.1.0"
      },
      "peerDependenciesMeta": {
        "encoding": {
          "optional": true
        }
      }
    },
    "node_modules/proxy-from-env": {
      "version": "1.1.0",
      "resolved": "https://registry.npmjs.org/proxy-from-env/-/proxy-from-env-1.1.0.tgz",
      "integrity": "sha512-D+zkORCbA9f1tdWRK0RaCR3GPv50cMxcrz4X8k5LTSUD1Dkw47mKJEZQNunItRTkWwgtaUSo1RVFRIG9ZXiFYg=="
    },
    "node_modules/symbol.inspect": {
      "version": "1.0.1",
      "resolved": "https://registry.npmjs.org/symbol.inspect/-/symbol.inspect-1.0.1.tgz",
      "integrity": "sha512-YQSL4duoHmLhsTD1Pw8RW6TZ5MaTX5rXJnqacJottr2P2LZBF/Yvrc3ku4NUpMOm8aM0KOCqM+UAkMA5HWQCzQ=="
    },
    "node_modules/teslabot": {
      "version": "1.5.0",
      "resolved": "https://registry.npmjs.org/teslabot/-/teslabot-1.5.0.tgz",
      "integrity": "sha512-e2MmELhCgrgZEGo7PQu/6bmYG36IDH+YrBI1iGm6jovXkeDIGa3pZ2WSqRjzkuw2vt1EqfkZoV5GpXgqL8QJVg=="
    },
    "node_modules/tr46": {
      "version": "0.0.3",
      "resolved": "https://registry.npmjs.org/tr46/-/tr46-0.0.3.tgz",
      "integrity": "sha512-N3WMsuqV66lT30CrXNbEjx4GEwlow3v6rr4mCcv6prnfwhS01rkgyFdjPNBYd9br7LpXV1+Emh01fHnq2Gdgrw=="
    },
    "node_modules/ts-node": {
      "version": "10.9.1",
      "dev": true,
      "license": "MIT",
      "dependencies": {
        "@cspotcode/source-map-support": "^0.8.0",
        "@tsconfig/node10": "^1.0.7",
        "@tsconfig/node12": "^1.0.7",
        "@tsconfig/node14": "^1.0.0",
        "@tsconfig/node16": "^1.0.2",
        "acorn": "^8.4.1",
        "acorn-walk": "^8.1.1",
        "arg": "^4.1.0",
        "create-require": "^1.1.0",
        "diff": "^4.0.1",
        "make-error": "^1.1.1",
        "v8-compile-cache-lib": "^3.0.1",
        "yn": "3.1.1"
      },
      "bin": {
        "ts-node": "dist/bin.js",
        "ts-node-cwd": "dist/bin-cwd.js",
        "ts-node-esm": "dist/bin-esm.js",
        "ts-node-script": "dist/bin-script.js",
        "ts-node-transpile-only": "dist/bin-transpile.js",
        "ts-script": "dist/bin-script-deprecated.js"
      },
      "peerDependencies": {
        "@swc/core": ">=1.2.50",
        "@swc/wasm": ">=1.2.50",
        "@types/node": "*",
        "typescript": ">=2.7"
      },
      "peerDependenciesMeta": {
        "@swc/core": {
          "optional": true
        },
        "@swc/wasm": {
          "optional": true
        }
      }
    },
    "node_modules/tweetnacl": {
      "version": "1.0.3",
      "resolved": "https://registry.npmjs.org/tweetnacl/-/tweetnacl-1.0.3.tgz",
      "integrity": "sha512-6rt+RN7aOi1nGMyC4Xa5DdYiukl2UWCbcJft7YhxReBGQD7OAM8Pbxw6YMo4r2diNEA8FEmu32YOn9rhaiE5yw==",
      "peer": true
    },
    "node_modules/typescript": {
      "version": "5.4.2",
      "dev": true,
      "license": "Apache-2.0",
      "peer": true,
      "bin": {
        "tsc": "bin/tsc",
        "tsserver": "bin/tsserver"
      },
      "engines": {
        "node": ">=14.17"
      }
    },
    "node_modules/undici-types": {
      "version": "5.26.5",
      "dev": true,
      "license": "MIT",
      "peer": true
    },
    "node_modules/v8-compile-cache-lib": {
      "version": "3.0.1",
      "dev": true,
      "license": "MIT"
    },
    "node_modules/webidl-conversions": {
      "version": "3.0.1",
      "resolved": "https://registry.npmjs.org/webidl-conversions/-/webidl-conversions-3.0.1.tgz",
      "integrity": "sha512-2JAn3z8AR6rjK8Sm8orRC0h/bcl/DqL7tRPdGZ4I1CjdF+EaMLmYxBHyXuKL849eucPFhvBoxMsflfOb8kxaeQ=="
    },
    "node_modules/whatwg-fetch": {
      "version": "3.6.20",
      "resolved": "https://registry.npmjs.org/whatwg-fetch/-/whatwg-fetch-3.6.20.tgz",
      "integrity": "sha512-EqhiFU6daOA8kpjOWTL0olhVOF3i7OrFzSYiGsEMB8GcXS+RrzauAERX65xMeNWVqxA6HXH2m69Z9LaKKdisfg=="
    },
    "node_modules/whatwg-url": {
      "version": "5.0.0",
      "resolved": "https://registry.npmjs.org/whatwg-url/-/whatwg-url-5.0.0.tgz",
      "integrity": "sha512-saE57nupxk6v3HY35+jzBwYa0rKSy0XR8JSxZPwgLr7ys0IBzhGviA1/TUGJLmSVqs8pb9AnvICXEuOHLprYTw==",
      "dependencies": {
        "tr46": "~0.0.3",
        "webidl-conversions": "^3.0.0"
      }
    },
    "node_modules/yn": {
      "version": "3.1.1",
      "dev": true,
      "license": "MIT",
      "engines": {
        "node": ">=6"
      }
    },
    "node_modules/zod": {
      "version": "3.23.8",
      "resolved": "https://registry.npmjs.org/zod/-/zod-3.23.8.tgz",
      "integrity": "sha512-XBx9AXhXktjUqnepgTiE5flcKIYWi/rme0Eaj+5Y0lftuGBq+jyRu/md4WnuxqgP1ubdpNCsYEYPxrzVHD8d6g==",
      "funding": {
        "url": "https://github.com/sponsors/colinhacks"
      }
    }
  }
}
